
Microsoft Visual Studio Solution File, Format Version 12.00
# Visual Studio Version 17
VisualStudioVersion = 17.3.32922.545
MinimumVisualStudioVersion = 10.0.40219.1
Project("{FAE04EC0-301F-11D3-BF4B-00C04F79EFBC}") = "PercabangaC", "PercabangaC\PercabangaC.csproj", "{C08743FD-D784-48D4-A754-DF02B9F41274}"
EndProject
Global
	GlobalSection(SolutionConfigurationPlatforms) = preSolution
		Debug|Any CPU = Debug|Any CPU
		Release|Any CPU = Release|Any CPU
	EndGlobalSection
	GlobalSection(ProjectConfigurationPlatforms) = postSolution
		{C08743FD-D784-48D4-A754-DF02B9F41274}.Debug|Any CPU.ActiveCfg = Debug|Any CPU
		{C08743FD-D784-48D4-A754-DF02B9F41274}.Debug|Any CPU.Build.0 = Debug|Any CPU
		{C08743FD-D784-48D4-A754-DF02B9F41274}.Release|Any CPU.ActiveCfg = Release|Any CPU
		{C08743FD-D784-48D4-A754-DF02B9F41274}.Release|Any CPU.Build.0 = Release|Any CPU
	EndGlobalSection
	GlobalSection(SolutionProperties) = preSolution
		HideSolutionNode = FALSE
	EndGlobalSection
	GlobalSection(ExtensibilityGlobals) = postSolution
		SolutionGuid = {51D76A86-944A-46F5-A64B-1CFDB2F6BF44}
	EndGlobalSection
EndGlobal
