
Microsoft Visual Studio Solution File, Format Version 12.00
# Visual Studio Version 17
VisualStudioVersion = 17.3.32922.545
MinimumVisualStudioVersion = 10.0.40219.1
Project("{FAE04EC0-301F-11D3-BF4B-00C04F79EFBC}") = "BelajarKonversi", "BelajarKonversi\BelajarKonversi.csproj", "{B76F702C-7FF0-4D32-AFCC-09882A9758D2}"
EndProject
Global
	GlobalSection(SolutionConfigurationPlatforms) = preSolution
		Debug|Any CPU = Debug|Any CPU
		Release|Any CPU = Release|Any CPU
	EndGlobalSection
	GlobalSection(ProjectConfigurationPlatforms) = postSolution
		{B76F702C-7FF0-4D32-AFCC-09882A9758D2}.Debug|Any CPU.ActiveCfg = Debug|Any CPU
		{B76F702C-7FF0-4D32-AFCC-09882A9758D2}.Debug|Any CPU.Build.0 = Debug|Any CPU
		{B76F702C-7FF0-4D32-AFCC-09882A9758D2}.Release|Any CPU.ActiveCfg = Release|Any CPU
		{B76F702C-7FF0-4D32-AFCC-09882A9758D2}.Release|Any CPU.Build.0 = Release|Any CPU
	EndGlobalSection
	GlobalSection(SolutionProperties) = preSolution
		HideSolutionNode = FALSE
	EndGlobalSection
	GlobalSection(ExtensibilityGlobals) = postSolution
		SolutionGuid = {1437713B-6558-4FD3-AF02-90A1AD82A548}
	EndGlobalSection
EndGlobal
